{
  "object": {
    "pins": [
      {
        "package": "CLibreSSL",
        "repositoryURL": "https://github.com/vapor/clibressl.git",
        "state": {
          "branch": null,
          "revision": "9ebe7fffd3f7d3cd3377696aeaa867a77f2418dd",
          "version": "1.0.1"
        }
      }
    ]
  },
  "version": 1
}
